
Microsoft Visual Studio Solution File, Format Version 12.00
# Visual Studio Version 16
VisualStudioVersion = 16.0.30114.105
MinimumVisualStudioVersion = 10.0.40219.1
Project("{9A19103F-16F7-4668-BE54-9A1E7A4F7556}") = "CarvedRock.Api", "CarvedRock.Api\CarvedRock.Api.csproj", "{31C66A69-4E07-47BD-98E9-32E460BC20BF}"
EndProject
Project("{9A19103F-16F7-4668-BE54-9A1E7A4F7556}") = "CarvedRock.Web", "CarvedRock.Web\CarvedRock.Web.csproj", "{87C550B0-23E6-4FB6-9C11-BB0733490D67}"
EndProject
Global
	GlobalSection(SolutionConfigurationPlatforms) = preSolution
		Debug|Any CPU = Debug|Any CPU
		Release|Any CPU = Release|Any CPU
	EndGlobalSection
	GlobalSection(ProjectConfigurationPlatforms) = postSolution
		{31C66A69-4E07-47BD-98E9-32E460BC20BF}.Debug|Any CPU.ActiveCfg = Debug|Any CPU
		{31C66A69-4E07-47BD-98E9-32E460BC20BF}.Debug|Any CPU.Build.0 = Debug|Any CPU
		{31C66A69-4E07-47BD-98E9-32E460BC20BF}.Release|Any CPU.ActiveCfg = Release|Any CPU
		{31C66A69-4E07-47BD-98E9-32E460BC20BF}.Release|Any CPU.Build.0 = Release|Any CPU
		{87C550B0-23E6-4FB6-9C11-BB0733490D67}.Debug|Any CPU.ActiveCfg = Debug|Any CPU
		{87C550B0-23E6-4FB6-9C11-BB0733490D67}.Debug|Any CPU.Build.0 = Debug|Any CPU
		{87C550B0-23E6-4FB6-9C11-BB0733490D67}.Release|Any CPU.ActiveCfg = Release|Any CPU
		{87C550B0-23E6-4FB6-9C11-BB0733490D67}.Release|Any CPU.Build.0 = Release|Any CPU
	EndGlobalSection
	GlobalSection(SolutionProperties) = preSolution
		HideSolutionNode = FALSE
	EndGlobalSection
	GlobalSection(ExtensibilityGlobals) = postSolution
		SolutionGuid = {E3E908B0-5589-4544-81A5-11B6B6A4A37F}
	EndGlobalSection
EndGlobal
